{
  "object": {
    "pins": [
      {
        "package": "BridgeSDK",
        "repositoryURL": "https://github.com/syoung-smallwisdom/Bridge-iOS-SDK.git",
        "state": {
          "branch": "swiftPM",
          "revision": "99b338558ef473b7208648ed43a4598d135ffa01",
          "version": null
        }
      },
      {
        "package": "BridgeApp",
        "repositoryURL": "https://github.com/syoung-smallwisdom/BridgeApp-Apple-SDK",
        "state": {
          "branch": "swiftPM",
          "revision": "4425f7887396172ee5d62075fab6e2b7bbd044c3",
          "version": null
        }
      },
      {
        "package": "JsonModel",
        "repositoryURL": "https://github.com/Sage-Bionetworks/JsonModel-Swift.git",
        "state": {
          "branch": null,
          "revision": "9237442bd2ea208554e01041feaa2d4a065d61a4",
          "version": "1.0.2"
        }
      },
      {
        "package": "SageResearch",
        "repositoryURL": "https://github.com/Sage-Bionetworks/SageResearch.git",
        "state": {
          "branch": null,
          "revision": "74ee6725f666668a1be8e80d1300543ee4cdf1c6",
          "version": "3.17.1"
        }
      }
    ]
  },
  "version": 1
}
